
Microsoft Visual Studio Solution File, Format Version 12.00
# Visual Studio Version 17
VisualStudioVersion = 17.13.35931.197 d17.13
MinimumVisualStudioVersion = 10.0.40219.1
Project("{2150E333-8FDC-42A3-9474-1A3956D46DE8}") = "Domain", "Domain", "{36D591C7-65C7-A0D1-1CBC-10CDE441BDC8}"
EndProject
Project("{FAE04EC0-301F-11D3-BF4B-00C04F79EFBC}") = "BankSystem.Domain", "BankSystem.Domain\BankSystem.Domain.csproj", "{A12B1979-F4C3-4236-B956-950B88FD40EF}"
EndProject
Project("{2150E333-8FDC-42A3-9474-1A3956D46DE8}") = "Tools", "Tools", "{0982C1E0-5884-4B75-98CB-671396205F54}"
EndProject
Project("{FAE04EC0-301F-11D3-BF4B-00C04F79EFBC}") = "Practice", "Practice\Practice.csproj", "{D87E203A-23F6-4A31-AEAA-452D74A6BD5D}"
EndProject
Global
	GlobalSection(SolutionConfigurationPlatforms) = preSolution
		Debug|Any CPU = Debug|Any CPU
		Release|Any CPU = Release|Any CPU
	EndGlobalSection
	GlobalSection(ProjectConfigurationPlatforms) = postSolution
		{A12B1979-F4C3-4236-B956-950B88FD40EF}.Debug|Any CPU.ActiveCfg = Debug|Any CPU
		{A12B1979-F4C3-4236-B956-950B88FD40EF}.Debug|Any CPU.Build.0 = Debug|Any CPU
		{A12B1979-F4C3-4236-B956-950B88FD40EF}.Release|Any CPU.ActiveCfg = Release|Any CPU
		{A12B1979-F4C3-4236-B956-950B88FD40EF}.Release|Any CPU.Build.0 = Release|Any CPU
		{D87E203A-23F6-4A31-AEAA-452D74A6BD5D}.Debug|Any CPU.ActiveCfg = Debug|Any CPU
		{D87E203A-23F6-4A31-AEAA-452D74A6BD5D}.Debug|Any CPU.Build.0 = Debug|Any CPU
		{D87E203A-23F6-4A31-AEAA-452D74A6BD5D}.Release|Any CPU.ActiveCfg = Release|Any CPU
		{D87E203A-23F6-4A31-AEAA-452D74A6BD5D}.Release|Any CPU.Build.0 = Release|Any CPU
	EndGlobalSection
	GlobalSection(SolutionProperties) = preSolution
		HideSolutionNode = FALSE
	EndGlobalSection
	GlobalSection(NestedProjects) = preSolution
		{A12B1979-F4C3-4236-B956-950B88FD40EF} = {36D591C7-65C7-A0D1-1CBC-10CDE441BDC8}
		{D87E203A-23F6-4A31-AEAA-452D74A6BD5D} = {0982C1E0-5884-4B75-98CB-671396205F54}
	EndGlobalSection
	GlobalSection(ExtensibilityGlobals) = postSolution
		SolutionGuid = {ADF40A6F-CE65-4C3F-B0F1-E0A74FF37C55}
	EndGlobalSection
EndGlobal
