
Microsoft Visual Studio Solution File, Format Version 12.00
# Visual Studio Version 17
VisualStudioVersion = 17.13.35931.197
MinimumVisualStudioVersion = 10.0.40219.1
Project("{2150E333-8FDC-42A3-9474-1A3956D46DE8}") = "Domain", "Domain", "{36D591C7-65C7-A0D1-1CBC-10CDE441BDC8}"
EndProject
Project("{FAE04EC0-301F-11D3-BF4B-00C04F79EFBC}") = "BankSystem.Domain", "BankSystem.Domain\BankSystem.Domain.csproj", "{A12B1979-F4C3-4236-B956-950B88FD40EF}"
EndProject
Project("{2150E333-8FDC-42A3-9474-1A3956D46DE8}") = "Tools", "Tools", "{0982C1E0-5884-4B75-98CB-671396205F54}"
EndProject
Project("{FAE04EC0-301F-11D3-BF4B-00C04F79EFBC}") = "Practice", "Practice\Practice.csproj", "{D87E203A-23F6-4A31-AEAA-452D74A6BD5D}"
EndProject
Project("{2150E333-8FDC-42A3-9474-1A3956D46DE8}") = "Application", "Application", "{EBA9BC57-CA30-4FF7-8713-57CDA31C2829}"
EndProject
Project("{FAE04EC0-301F-11D3-BF4B-00C04F79EFBC}") = "BankSystem.App", "BankSystem.App\BankSystem.App.csproj", "{2DA581FB-1976-4856-8F7E-D33F71B06E94}"
EndProject
Project("{FAE04EC0-301F-11D3-BF4B-00C04F79EFBC}") = "BankSystem.App.Tests", "TestProject1\BankSystem.App.Tests.csproj", "{0483C067-C12F-4FD8-B3B1-65A35D7F175E}"
EndProject
Project("{2150E333-8FDC-42A3-9474-1A3956D46DE8}") = "Infrastructure", "Infrastructure", "{9708AD92-61FA-495B-9D75-578CC31B58C7}"
EndProject
Project("{FAE04EC0-301F-11D3-BF4B-00C04F79EFBC}") = "BankSystem.Data", "BankSystem.Data\BankSystem.Data.csproj", "{B35B0CC5-7E82-4FB0-BB5D-28C5FDC84180}"
EndProject
Project("{FAE04EC0-301F-11D3-BF4B-00C04F79EFBC}") = "ExportTool", "ExportTool\ExportTool.csproj", "{201F8D4A-61EA-4B4D-8342-E0F610BCF8D7}"
EndProject
Project("{2150E333-8FDC-42A3-9474-1A3956D46DE8}") = "Providers", "Providers", "{2BAFDD93-0746-4B68-A2A4-02ADF321B6DD}"
EndProject
Project("{FAE04EC0-301F-11D3-BF4B-00C04F79EFBC}") = "BankSystem.Providers", "BankSystem.Providers\BankSystem.Providers.csproj", "{33E4759D-E13A-4583-BC6D-A6579E75F148}"
EndProject
Global
	GlobalSection(SolutionConfigurationPlatforms) = preSolution
		Debug|Any CPU = Debug|Any CPU
		Release|Any CPU = Release|Any CPU
	EndGlobalSection
	GlobalSection(ProjectConfigurationPlatforms) = postSolution
		{A12B1979-F4C3-4236-B956-950B88FD40EF}.Debug|Any CPU.ActiveCfg = Debug|Any CPU
		{A12B1979-F4C3-4236-B956-950B88FD40EF}.Debug|Any CPU.Build.0 = Debug|Any CPU
		{A12B1979-F4C3-4236-B956-950B88FD40EF}.Release|Any CPU.ActiveCfg = Release|Any CPU
		{A12B1979-F4C3-4236-B956-950B88FD40EF}.Release|Any CPU.Build.0 = Release|Any CPU
		{D87E203A-23F6-4A31-AEAA-452D74A6BD5D}.Debug|Any CPU.ActiveCfg = Debug|Any CPU
		{D87E203A-23F6-4A31-AEAA-452D74A6BD5D}.Debug|Any CPU.Build.0 = Debug|Any CPU
		{D87E203A-23F6-4A31-AEAA-452D74A6BD5D}.Release|Any CPU.ActiveCfg = Release|Any CPU
		{D87E203A-23F6-4A31-AEAA-452D74A6BD5D}.Release|Any CPU.Build.0 = Release|Any CPU
		{2DA581FB-1976-4856-8F7E-D33F71B06E94}.Debug|Any CPU.ActiveCfg = Debug|Any CPU
		{2DA581FB-1976-4856-8F7E-D33F71B06E94}.Debug|Any CPU.Build.0 = Debug|Any CPU
		{2DA581FB-1976-4856-8F7E-D33F71B06E94}.Release|Any CPU.ActiveCfg = Release|Any CPU
		{2DA581FB-1976-4856-8F7E-D33F71B06E94}.Release|Any CPU.Build.0 = Release|Any CPU
		{0483C067-C12F-4FD8-B3B1-65A35D7F175E}.Debug|Any CPU.ActiveCfg = Debug|Any CPU
		{0483C067-C12F-4FD8-B3B1-65A35D7F175E}.Debug|Any CPU.Build.0 = Debug|Any CPU
		{0483C067-C12F-4FD8-B3B1-65A35D7F175E}.Release|Any CPU.ActiveCfg = Release|Any CPU
		{0483C067-C12F-4FD8-B3B1-65A35D7F175E}.Release|Any CPU.Build.0 = Release|Any CPU
		{B35B0CC5-7E82-4FB0-BB5D-28C5FDC84180}.Debug|Any CPU.ActiveCfg = Debug|Any CPU
		{B35B0CC5-7E82-4FB0-BB5D-28C5FDC84180}.Debug|Any CPU.Build.0 = Debug|Any CPU
		{B35B0CC5-7E82-4FB0-BB5D-28C5FDC84180}.Release|Any CPU.ActiveCfg = Release|Any CPU
		{B35B0CC5-7E82-4FB0-BB5D-28C5FDC84180}.Release|Any CPU.Build.0 = Release|Any CPU
		{201F8D4A-61EA-4B4D-8342-E0F610BCF8D7}.Debug|Any CPU.ActiveCfg = Debug|Any CPU
		{201F8D4A-61EA-4B4D-8342-E0F610BCF8D7}.Debug|Any CPU.Build.0 = Debug|Any CPU
		{201F8D4A-61EA-4B4D-8342-E0F610BCF8D7}.Release|Any CPU.ActiveCfg = Release|Any CPU
		{201F8D4A-61EA-4B4D-8342-E0F610BCF8D7}.Release|Any CPU.Build.0 = Release|Any CPU
		{33E4759D-E13A-4583-BC6D-A6579E75F148}.Debug|Any CPU.ActiveCfg = Debug|Any CPU
		{33E4759D-E13A-4583-BC6D-A6579E75F148}.Debug|Any CPU.Build.0 = Debug|Any CPU
		{33E4759D-E13A-4583-BC6D-A6579E75F148}.Release|Any CPU.ActiveCfg = Release|Any CPU
		{33E4759D-E13A-4583-BC6D-A6579E75F148}.Release|Any CPU.Build.0 = Release|Any CPU
	EndGlobalSection
	GlobalSection(SolutionProperties) = preSolution
		HideSolutionNode = FALSE
	EndGlobalSection
	GlobalSection(NestedProjects) = preSolution
		{A12B1979-F4C3-4236-B956-950B88FD40EF} = {36D591C7-65C7-A0D1-1CBC-10CDE441BDC8}
		{D87E203A-23F6-4A31-AEAA-452D74A6BD5D} = {0982C1E0-5884-4B75-98CB-671396205F54}
		{2DA581FB-1976-4856-8F7E-D33F71B06E94} = {EBA9BC57-CA30-4FF7-8713-57CDA31C2829}
		{0483C067-C12F-4FD8-B3B1-65A35D7F175E} = {EBA9BC57-CA30-4FF7-8713-57CDA31C2829}
		{B35B0CC5-7E82-4FB0-BB5D-28C5FDC84180} = {9708AD92-61FA-495B-9D75-578CC31B58C7}
		{2BAFDD93-0746-4B68-A2A4-02ADF321B6DD} = {9708AD92-61FA-495B-9D75-578CC31B58C7}
		{33E4759D-E13A-4583-BC6D-A6579E75F148} = {2BAFDD93-0746-4B68-A2A4-02ADF321B6DD}
	EndGlobalSection
	GlobalSection(ExtensibilityGlobals) = postSolution
		SolutionGuid = {ADF40A6F-CE65-4C3F-B0F1-E0A74FF37C55}
	EndGlobalSection
EndGlobal
